
Microsoft Visual Studio Solution File, Format Version 12.00
# Visual Studio Version 17
VisualStudioVersion = 17.14.36327.8 d17.14
MinimumVisualStudioVersion = 10.0.40219.1
Project("{FAE04EC0-301F-11D3-BF4B-00C04F79EFBC}") = "StudentRecordSystem", "StudentRecordSystem\StudentRecordSystem.csproj", "{27E39083-5F02-48D1-ABE6-AEEC21B5159E}"
EndProject
Global
	GlobalSection(SolutionConfigurationPlatforms) = preSolution
		Debug|Any CPU = Debug|Any CPU
		Release|Any CPU = Release|Any CPU
	EndGlobalSection
	GlobalSection(ProjectConfigurationPlatforms) = postSolution
		{27E39083-5F02-48D1-ABE6-AEEC21B5159E}.Debug|Any CPU.ActiveCfg = Debug|Any CPU
		{27E39083-5F02-48D1-ABE6-AEEC21B5159E}.Debug|Any CPU.Build.0 = Debug|Any CPU
		{27E39083-5F02-48D1-ABE6-AEEC21B5159E}.Release|Any CPU.ActiveCfg = Release|Any CPU
		{27E39083-5F02-48D1-ABE6-AEEC21B5159E}.Release|Any CPU.Build.0 = Release|Any CPU
	EndGlobalSection
	GlobalSection(SolutionProperties) = preSolution
		HideSolutionNode = FALSE
	EndGlobalSection
	GlobalSection(ExtensibilityGlobals) = postSolution
		SolutionGuid = {14F0D755-9C7F-4B49-822C-157CEE0F2C5F}
	EndGlobalSection
EndGlobal
